
Microsoft Visual Studio Solution File, Format Version 12.00
# Visual Studio Version 17
VisualStudioVersion = 17.11.35327.3
MinimumVisualStudioVersion = 10.0.40219.1
Project("{FAE04EC0-301F-11D3-BF4B-00C04F79EFBC}") = "SuperAdventure", "SuperAdventure.csproj", "{227C7944-90B9-420F-83B7-A81C328237A2}"
EndProject
Project("{FAE04EC0-301F-11D3-BF4B-00C04F79EFBC}") = "Engine", "Engine\Engine.csproj", "{0C685AF0-555E-4A34-B86B-72473E0B743A}"
EndProject
Global
	GlobalSection(SolutionConfigurationPlatforms) = preSolution
		Debug|Any CPU = Debug|Any CPU
		Release|Any CPU = Release|Any CPU
	EndGlobalSection
	GlobalSection(ProjectConfigurationPlatforms) = postSolution
		{227C7944-90B9-420F-83B7-A81C328237A2}.Debug|Any CPU.ActiveCfg = Debug|Any CPU
		{227C7944-90B9-420F-83B7-A81C328237A2}.Debug|Any CPU.Build.0 = Debug|Any CPU
		{227C7944-90B9-420F-83B7-A81C328237A2}.Release|Any CPU.ActiveCfg = Release|Any CPU
		{227C7944-90B9-420F-83B7-A81C328237A2}.Release|Any CPU.Build.0 = Release|Any CPU
		{0C685AF0-555E-4A34-B86B-72473E0B743A}.Debug|Any CPU.ActiveCfg = Debug|Any CPU
		{0C685AF0-555E-4A34-B86B-72473E0B743A}.Debug|Any CPU.Build.0 = Debug|Any CPU
		{0C685AF0-555E-4A34-B86B-72473E0B743A}.Release|Any CPU.ActiveCfg = Release|Any CPU
		{0C685AF0-555E-4A34-B86B-72473E0B743A}.Release|Any CPU.Build.0 = Release|Any CPU
	EndGlobalSection
	GlobalSection(SolutionProperties) = preSolution
		HideSolutionNode = FALSE
	EndGlobalSection
	GlobalSection(ExtensibilityGlobals) = postSolution
		SolutionGuid = {2F615856-3936-485F-B712-174C15C4FF86}
	EndGlobalSection
EndGlobal
